// !$*UTF8*$!
{
	archiveVersion = 1;
	classes = {
	};
	objectVersion = 56;
	objects = {

/* Begin PBXBuildFile section */
		49106CB62A669A3D00A15CE0 /* SwiftUI_AfricaApp_SampleApp.swift in Sources */ = {isa = PBXBuildFile; fileRef = 49106CB52A669A3D00A15CE0 /* SwiftUI_AfricaApp_SampleApp.swift */; };
		49106CB82A669A3D00A15CE0 /* ContentView.swift in Sources */ = {isa = PBXBuildFile; fileRef = 49106CB72A669A3D00A15CE0 /* ContentView.swift */; };
		49106CBA2A669A3E00A15CE0 /* Assets.xcassets in Resources */ = {isa = PBXBuildFile; fileRef = 49106CB92A669A3E00A15CE0 /* Assets.xcassets */; };
		49106CBD2A669A3F00A15CE0 /* Preview Assets.xcassets in Resources */ = {isa = PBXBuildFile; fileRef = 49106CBC2A669A3F00A15CE0 /* Preview Assets.xcassets */; };
		49106CD82A66B1D200A15CE0 /* gorilla.mp4 in Resources */ = {isa = PBXBuildFile; fileRef = 49106CCE2A66B1D100A15CE0 /* gorilla.mp4 */; };
		49106CD92A66B1D200A15CE0 /* giraffe.mp4 in Resources */ = {isa = PBXBuildFile; fileRef = 49106CCF2A66B1D100A15CE0 /* giraffe.mp4 */; };
		49106CDA2A66B1D200A15CE0 /* elephant.mp4 in Resources */ = {isa = PBXBuildFile; fileRef = 49106CD02A66B1D100A15CE0 /* elephant.mp4 */; };
		49106CDB2A66B1D200A15CE0 /* lioness.mp4 in Resources */ = {isa = PBXBuildFile; fileRef = 49106CD12A66B1D100A15CE0 /* lioness.mp4 */; };
		49106CDC2A66B1D200A15CE0 /* zebra.mp4 in Resources */ = {isa = PBXBuildFile; fileRef = 49106CD22A66B1D100A15CE0 /* zebra.mp4 */; };
		49106CDD2A66B1D200A15CE0 /* hippo.mp4 in Resources */ = {isa = PBXBuildFile; fileRef = 49106CD32A66B1D200A15CE0 /* hippo.mp4 */; };
		49106CDE2A66B1D200A15CE0 /* lion.mp4 in Resources */ = {isa = PBXBuildFile; fileRef = 49106CD42A66B1D200A15CE0 /* lion.mp4 */; };
		49106CDF2A66B1D200A15CE0 /* cheetah.mp4 in Resources */ = {isa = PBXBuildFile; fileRef = 49106CD52A66B1D200A15CE0 /* cheetah.mp4 */; };
		49106CE02A66B1D200A15CE0 /* ostrich.mp4 in Resources */ = {isa = PBXBuildFile; fileRef = 49106CD62A66B1D200A15CE0 /* ostrich.mp4 */; };
		49106CE12A66B1D200A15CE0 /* rhino.mp4 in Resources */ = {isa = PBXBuildFile; fileRef = 49106CD72A66B1D200A15CE0 /* rhino.mp4 */; };
		49106CE72A66B22A00A15CE0 /* covers.json in Resources */ = {isa = PBXBuildFile; fileRef = 49106CE32A66B22A00A15CE0 /* covers.json */; };
		49106CE82A66B22A00A15CE0 /* locations.json in Resources */ = {isa = PBXBuildFile; fileRef = 49106CE42A66B22A00A15CE0 /* locations.json */; };
		49106CE92A66B22A00A15CE0 /* videos.json in Resources */ = {isa = PBXBuildFile; fileRef = 49106CE52A66B22A00A15CE0 /* videos.json */; };
		49106CEA2A66B22A00A15CE0 /* animals.json in Resources */ = {isa = PBXBuildFile; fileRef = 49106CE62A66B22A00A15CE0 /* animals.json */; };
		49106CEE2A66B4B900A15CE0 /* VideoListView.swift in Sources */ = {isa = PBXBuildFile; fileRef = 49106CED2A66B4B900A15CE0 /* VideoListView.swift */; };
		49106CF02A66B4DE00A15CE0 /* MapView.swift in Sources */ = {isa = PBXBuildFile; fileRef = 49106CEF2A66B4DE00A15CE0 /* MapView.swift */; };
		49106CF22A66B52700A15CE0 /* GalleryView.swift in Sources */ = {isa = PBXBuildFile; fileRef = 49106CF12A66B52700A15CE0 /* GalleryView.swift */; };
		49106CF42A66B55200A15CE0 /* MainView.swift in Sources */ = {isa = PBXBuildFile; fileRef = 49106CF32A66B55200A15CE0 /* MainView.swift */; };
		49B109472A74098800FC6812 /* CoverImageView.swift in Sources */ = {isa = PBXBuildFile; fileRef = 49B109462A74098800FC6812 /* CoverImageView.swift */; };
		49B1094A2A740BBD00FC6812 /* CoverImageModel.swift in Sources */ = {isa = PBXBuildFile; fileRef = 49B109492A740BBD00FC6812 /* CoverImageModel.swift */; };
		49B1094D2A741C2900FC6812 /* CodableBundleExtension.swift in Sources */ = {isa = PBXBuildFile; fileRef = 49B1094C2A741C2900FC6812 /* CodableBundleExtension.swift */; };
		49E1DD952A7AD2290016DB24 /* AnimalListItemView.swift in Sources */ = {isa = PBXBuildFile; fileRef = 49E1DD942A7AD2290016DB24 /* AnimalListItemView.swift */; };
		49E1DD972A7AD5B50016DB24 /* AnimalModel.swift in Sources */ = {isa = PBXBuildFile; fileRef = 49E1DD962A7AD5B50016DB24 /* AnimalModel.swift */; };
		49E1DD992A7D505C0016DB24 /* AnimalDetailView.swift in Sources */ = {isa = PBXBuildFile; fileRef = 49E1DD982A7D505C0016DB24 /* AnimalDetailView.swift */; };
		49E1DD9B2A8005870016DB24 /* HeadingView.swift in Sources */ = {isa = PBXBuildFile; fileRef = 49E1DD9A2A8005870016DB24 /* HeadingView.swift */; };
		49E1DD9D2A8007E30016DB24 /* InsetGalleryView.swift in Sources */ = {isa = PBXBuildFile; fileRef = 49E1DD9C2A8007E30016DB24 /* InsetGalleryView.swift */; };
		49E1DD9F2A80109C0016DB24 /* InsetFactView.swift in Sources */ = {isa = PBXBuildFile; fileRef = 49E1DD9E2A80109C0016DB24 /* InsetFactView.swift */; };
		49E1DDA12A80191E0016DB24 /* InsetMapView.swift in Sources */ = {isa = PBXBuildFile; fileRef = 49E1DDA02A80191E0016DB24 /* InsetMapView.swift */; };
		49E1DDA32A8150AB0016DB24 /* ExternalWeblinkView.swift in Sources */ = {isa = PBXBuildFile; fileRef = 49E1DDA22A8150AB0016DB24 /* ExternalWeblinkView.swift */; };
		49E1DDA52A8153D30016DB24 /* VideoModel.swift in Sources */ = {isa = PBXBuildFile; fileRef = 49E1DDA42A8153D30016DB24 /* VideoModel.swift */; };
		49E1DDA92A81592A0016DB24 /* VideoListItemView.swift in Sources */ = {isa = PBXBuildFile; fileRef = 49E1DDA82A81592A0016DB24 /* VideoListItemView.swift */; };
		49E1DDC52A828C5D0016DB24 /* VideoPlayerView.swift in Sources */ = {isa = PBXBuildFile; fileRef = 49E1DDC42A828C5D0016DB24 /* VideoPlayerView.swift */; };
		49E1DDC82A828DA60016DB24 /* VideoPlayerHelper.swift in Sources */ = {isa = PBXBuildFile; fileRef = 49E1DDC72A828DA60016DB24 /* VideoPlayerHelper.swift */; };
		49E1DDCA2A83A96D0016DB24 /* LocationModel.swift in Sources */ = {isa = PBXBuildFile; fileRef = 49E1DDC92A83A96D0016DB24 /* LocationModel.swift */; };
		49E1DDCC2A83CF300016DB24 /* MapAnnotationView.swift in Sources */ = {isa = PBXBuildFile; fileRef = 49E1DDCB2A83CF300016DB24 /* MapAnnotationView.swift */; };
/* End PBXBuildFile section */

/* Begin PBXFileReference section */
		49106CB22A669A3D00A15CE0 /* SwiftUI-AfricaApp-Sample.app */ = {isa = PBXFileReference; explicitFileType = wrapper.application; includeInIndex = 0; path = "SwiftUI-AfricaApp-Sample.app"; sourceTree = BUILT_PRODUCTS_DIR; };
		49106CB52A669A3D00A15CE0 /* SwiftUI_AfricaApp_SampleApp.swift */ = {isa = PBXFileReference; lastKnownFileType = sourcecode.swift; path = SwiftUI_AfricaApp_SampleApp.swift; sourceTree = "<group>"; };
		49106CB72A669A3D00A15CE0 /* ContentView.swift */ = {isa = PBXFileReference; lastKnownFileType = sourcecode.swift; path = ContentView.swift; sourceTree = "<group>"; };
		49106CB92A669A3E00A15CE0 /* Assets.xcassets */ = {isa = PBXFileReference; lastKnownFileType = folder.assetcatalog; path = Assets.xcassets; sourceTree = "<group>"; };
		49106CBC2A669A3F00A15CE0 /* Preview Assets.xcassets */ = {isa = PBXFileReference; lastKnownFileType = folder.assetcatalog; path = "Preview Assets.xcassets"; sourceTree = "<group>"; };
		49106CCE2A66B1D100A15CE0 /* gorilla.mp4 */ = {isa = PBXFileReference; lastKnownFileType = file; path = gorilla.mp4; sourceTree = "<group>"; };
		49106CCF2A66B1D100A15CE0 /* giraffe.mp4 */ = {isa = PBXFileReference; lastKnownFileType = file; path = giraffe.mp4; sourceTree = "<group>"; };
		49106CD02A66B1D100A15CE0 /* elephant.mp4 */ = {isa = PBXFileReference; lastKnownFileType = file; path = elephant.mp4; sourceTree = "<group>"; };
		49106CD12A66B1D100A15CE0 /* lioness.mp4 */ = {isa = PBXFileReference; lastKnownFileType = file; path = lioness.mp4; sourceTree = "<group>"; };
		49106CD22A66B1D100A15CE0 /* zebra.mp4 */ = {isa = PBXFileReference; lastKnownFileType = file; path = zebra.mp4; sourceTree = "<group>"; };
		49106CD32A66B1D200A15CE0 /* hippo.mp4 */ = {isa = PBXFileReference; lastKnownFileType = file; path = hippo.mp4; sourceTree = "<group>"; };
		49106CD42A66B1D200A15CE0 /* lion.mp4 */ = {isa = PBXFileReference; lastKnownFileType = file; path = lion.mp4; sourceTree = "<group>"; };
		49106CD52A66B1D200A15CE0 /* cheetah.mp4 */ = {isa = PBXFileReference; lastKnownFileType = file; path = cheetah.mp4; sourceTree = "<group>"; };
		49106CD62A66B1D200A15CE0 /* ostrich.mp4 */ = {isa = PBXFileReference; lastKnownFileType = file; path = ostrich.mp4; sourceTree = "<group>"; };
		49106CD72A66B1D200A15CE0 /* rhino.mp4 */ = {isa = PBXFileReference; lastKnownFileType = file; path = rhino.mp4; sourceTree = "<group>"; };
		49106CE32A66B22A00A15CE0 /* covers.json */ = {isa = PBXFileReference; fileEncoding = 4; lastKnownFileType = text.json; path = covers.json; sourceTree = "<group>"; };
		49106CE42A66B22A00A15CE0 /* locations.json */ = {isa = PBXFileReference; fileEncoding = 4; lastKnownFileType = text.json; path = locations.json; sourceTree = "<group>"; };
		49106CE52A66B22A00A15CE0 /* videos.json */ = {isa = PBXFileReference; fileEncoding = 4; lastKnownFileType = text.json; path = videos.json; sourceTree = "<group>"; };
		49106CE62A66B22A00A15CE0 /* animals.json */ = {isa = PBXFileReference; fileEncoding = 4; lastKnownFileType = text.json; path = animals.json; sourceTree = "<group>"; };
		49106CEB2A66B37E00A15CE0 /* Info.plist */ = {isa = PBXFileReference; lastKnownFileType = text.plist; path = Info.plist; sourceTree = "<group>"; };
		49106CED2A66B4B900A15CE0 /* VideoListView.swift */ = {isa = PBXFileReference; lastKnownFileType = sourcecode.swift; path = VideoListView.swift; sourceTree = "<group>"; };
		49106CEF2A66B4DE00A15CE0 /* MapView.swift */ = {isa = PBXFileReference; lastKnownFileType = sourcecode.swift; path = MapView.swift; sourceTree = "<group>"; };
		49106CF12A66B52700A15CE0 /* GalleryView.swift */ = {isa = PBXFileReference; lastKnownFileType = sourcecode.swift; path = GalleryView.swift; sourceTree = "<group>"; };
		49106CF32A66B55200A15CE0 /* MainView.swift */ = {isa = PBXFileReference; lastKnownFileType = sourcecode.swift; path = MainView.swift; sourceTree = "<group>"; };
		49B109462A74098800FC6812 /* CoverImageView.swift */ = {isa = PBXFileReference; lastKnownFileType = sourcecode.swift; path = CoverImageView.swift; sourceTree = "<group>"; };
		49B109492A740BBD00FC6812 /* CoverImageModel.swift */ = {isa = PBXFileReference; lastKnownFileType = sourcecode.swift; path = CoverImageModel.swift; sourceTree = "<group>"; };
		49B1094C2A741C2900FC6812 /* CodableBundleExtension.swift */ = {isa = PBXFileReference; lastKnownFileType = sourcecode.swift; path = CodableBundleExtension.swift; sourceTree = "<group>"; };
		49E1DD942A7AD2290016DB24 /* AnimalListItemView.swift */ = {isa = PBXFileReference; lastKnownFileType = sourcecode.swift; path = AnimalListItemView.swift; sourceTree = "<group>"; };
		49E1DD962A7AD5B50016DB24 /* AnimalModel.swift */ = {isa = PBXFileReference; lastKnownFileType = sourcecode.swift; path = AnimalModel.swift; sourceTree = "<group>"; };
		49E1DD982A7D505C0016DB24 /* AnimalDetailView.swift */ = {isa = PBXFileReference; lastKnownFileType = sourcecode.swift; path = AnimalDetailView.swift; sourceTree = "<group>"; };
		49E1DD9A2A8005870016DB24 /* HeadingView.swift */ = {isa = PBXFileReference; lastKnownFileType = sourcecode.swift; path = HeadingView.swift; sourceTree = "<group>"; };
		49E1DD9C2A8007E30016DB24 /* InsetGalleryView.swift */ = {isa = PBXFileReference; lastKnownFileType = sourcecode.swift; path = InsetGalleryView.swift; sourceTree = "<group>"; };
		49E1DD9E2A80109C0016DB24 /* InsetFactView.swift */ = {isa = PBXFileReference; lastKnownFileType = sourcecode.swift; path = InsetFactView.swift; sourceTree = "<group>"; };
		49E1DDA02A80191E0016DB24 /* InsetMapView.swift */ = {isa = PBXFileReference; lastKnownFileType = sourcecode.swift; path = InsetMapView.swift; sourceTree = "<group>"; };
		49E1DDA22A8150AB0016DB24 /* ExternalWeblinkView.swift */ = {isa = PBXFileReference; lastKnownFileType = sourcecode.swift; path = ExternalWeblinkView.swift; sourceTree = "<group>"; };
		49E1DDA42A8153D30016DB24 /* VideoModel.swift */ = {isa = PBXFileReference; lastKnownFileType = sourcecode.swift; path = VideoModel.swift; sourceTree = "<group>"; };
		49E1DDA82A81592A0016DB24 /* VideoListItemView.swift */ = {isa = PBXFileReference; lastKnownFileType = sourcecode.swift; path = VideoListItemView.swift; sourceTree = "<group>"; };
		49E1DDC42A828C5D0016DB24 /* VideoPlayerView.swift */ = {isa = PBXFileReference; lastKnownFileType = sourcecode.swift; path = VideoPlayerView.swift; sourceTree = "<group>"; };
		49E1DDC72A828DA60016DB24 /* VideoPlayerHelper.swift */ = {isa = PBXFileReference; lastKnownFileType = sourcecode.swift; path = VideoPlayerHelper.swift; sourceTree = "<group>"; };
		49E1DDC92A83A96D0016DB24 /* LocationModel.swift */ = {isa = PBXFileReference; lastKnownFileType = sourcecode.swift; path = LocationModel.swift; sourceTree = "<group>"; };
		49E1DDCB2A83CF300016DB24 /* MapAnnotationView.swift */ = {isa = PBXFileReference; lastKnownFileType = sourcecode.swift; path = MapAnnotationView.swift; sourceTree = "<group>"; };
/* End PBXFileReference section */

/* Begin PBXFrameworksBuildPhase section */
		49106CAF2A669A3D00A15CE0 /* Frameworks */ = {
			isa = PBXFrameworksBuildPhase;
			buildActionMask = 2147483647;
			files = (
			);
			runOnlyForDeploymentPostprocessing = 0;
		};
/* End PBXFrameworksBuildPhase section */

/* Begin PBXGroup section */
		49106CA92A669A3D00A15CE0 = {
			isa = PBXGroup;
			children = (
				49106CB42A669A3D00A15CE0 /* SwiftUI-AfricaApp-Sample */,
				49106CB32A669A3D00A15CE0 /* Products */,
			);
			sourceTree = "<group>";
		};
		49106CB32A669A3D00A15CE0 /* Products */ = {
			isa = PBXGroup;
			children = (
				49106CB22A669A3D00A15CE0 /* SwiftUI-AfricaApp-Sample.app */,
			);
			name = Products;
			sourceTree = "<group>";
		};
		49106CB42A669A3D00A15CE0 /* SwiftUI-AfricaApp-Sample */ = {
			isa = PBXGroup;
			children = (
				49E1DDC62A828D7F0016DB24 /* Helper */,
				49B1094B2A741BF200FC6812 /* Extension */,
				49B109482A740BA200FC6812 /* Model */,
				49B109452A74095000FC6812 /* View */,
				49106CE22A66B1F600A15CE0 /* Data */,
				49106CC32A66B0CE00A15CE0 /* Video */,
				49106CEC2A66B45B00A15CE0 /* App */,
				49106CB92A669A3E00A15CE0 /* Assets.xcassets */,
				49106CEB2A66B37E00A15CE0 /* Info.plist */,
				49106CBB2A669A3F00A15CE0 /* Preview Content */,
			);
			path = "SwiftUI-AfricaApp-Sample";
			sourceTree = "<group>";
		};
		49106CBB2A669A3F00A15CE0 /* Preview Content */ = {
			isa = PBXGroup;
			children = (
				49106CBC2A669A3F00A15CE0 /* Preview Assets.xcassets */,
			);
			path = "Preview Content";
			sourceTree = "<group>";
		};
		49106CC32A66B0CE00A15CE0 /* Video */ = {
			isa = PBXGroup;
			children = (
				49106CD52A66B1D200A15CE0 /* cheetah.mp4 */,
				49106CD02A66B1D100A15CE0 /* elephant.mp4 */,
				49106CCF2A66B1D100A15CE0 /* giraffe.mp4 */,
				49106CCE2A66B1D100A15CE0 /* gorilla.mp4 */,
				49106CD32A66B1D200A15CE0 /* hippo.mp4 */,
				49106CD42A66B1D200A15CE0 /* lion.mp4 */,
				49106CD12A66B1D100A15CE0 /* lioness.mp4 */,
				49106CD62A66B1D200A15CE0 /* ostrich.mp4 */,
				49106CD72A66B1D200A15CE0 /* rhino.mp4 */,
				49106CD22A66B1D100A15CE0 /* zebra.mp4 */,
			);
			path = Video;
			sourceTree = "<group>";
		};
		49106CE22A66B1F600A15CE0 /* Data */ = {
			isa = PBXGroup;
			children = (
				49106CE62A66B22A00A15CE0 /* animals.json */,
				49106CE32A66B22A00A15CE0 /* covers.json */,
				49106CE42A66B22A00A15CE0 /* locations.json */,
				49106CE52A66B22A00A15CE0 /* videos.json */,
			);
			path = Data;
			sourceTree = "<group>";
		};
		49106CEC2A66B45B00A15CE0 /* App */ = {
			isa = PBXGroup;
			children = (
				49106CB52A669A3D00A15CE0 /* SwiftUI_AfricaApp_SampleApp.swift */,
				49106CB72A669A3D00A15CE0 /* ContentView.swift */,
				49106CED2A66B4B900A15CE0 /* VideoListView.swift */,
				49106CEF2A66B4DE00A15CE0 /* MapView.swift */,
				49106CF12A66B52700A15CE0 /* GalleryView.swift */,
				49106CF32A66B55200A15CE0 /* MainView.swift */,
			);
			path = App;
			sourceTree = "<group>";
		};
		49B109452A74095000FC6812 /* View */ = {
			isa = PBXGroup;
			children = (
				49B109462A74098800FC6812 /* CoverImageView.swift */,
				49E1DD942A7AD2290016DB24 /* AnimalListItemView.swift */,
				49E1DD982A7D505C0016DB24 /* AnimalDetailView.swift */,
				49E1DD9A2A8005870016DB24 /* HeadingView.swift */,
				49E1DD9C2A8007E30016DB24 /* InsetGalleryView.swift */,
				49E1DD9E2A80109C0016DB24 /* InsetFactView.swift */,
				49E1DDA02A80191E0016DB24 /* InsetMapView.swift */,
				49E1DDA22A8150AB0016DB24 /* ExternalWeblinkView.swift */,
				49E1DDA82A81592A0016DB24 /* VideoListItemView.swift */,
				49E1DDC42A828C5D0016DB24 /* VideoPlayerView.swift */,
				49E1DDCB2A83CF300016DB24 /* MapAnnotationView.swift */,
			);
			path = View;
			sourceTree = "<group>";
		};
		49B109482A740BA200FC6812 /* Model */ = {
			isa = PBXGroup;
			children = (
				49B109492A740BBD00FC6812 /* CoverImageModel.swift */,
				49E1DD962A7AD5B50016DB24 /* AnimalModel.swift */,
				49E1DDA42A8153D30016DB24 /* VideoModel.swift */,
				49E1DDC92A83A96D0016DB24 /* LocationModel.swift */,
			);
			path = Model;
			sourceTree = "<group>";
		};
		49B1094B2A741BF200FC6812 /* Extension */ = {
			isa = PBXGroup;
			children = (
				49B1094C2A741C2900FC6812 /* CodableBundleExtension.swift */,
			);
			path = Extension;
			sourceTree = "<group>";
		};
		49E1DDC62A828D7F0016DB24 /* Helper */ = {
			isa = PBXGroup;
			children = (
				49E1DDC72A828DA60016DB24 /* VideoPlayerHelper.swift */,
			);
			path = Helper;
			sourceTree = "<group>";
		};
/* End PBXGroup section */

/* Begin PBXNativeTarget section */
		49106CB12A669A3D00A15CE0 /* SwiftUI-AfricaApp-Sample */ = {
			isa = PBXNativeTarget;
			buildConfigurationList = 49106CC02A669A3F00A15CE0 /* Build configuration list for PBXNativeTarget "SwiftUI-AfricaApp-Sample" */;
			buildPhases = (
				49106CAE2A669A3D00A15CE0 /* Sources */,
				49106CAF2A669A3D00A15CE0 /* Frameworks */,
				49106CB02A669A3D00A15CE0 /* Resources */,
			);
			buildRules = (
			);
			dependencies = (
			);
			name = "SwiftUI-AfricaApp-Sample";
			productName = "SwiftUI-AfricaApp-Sample";
			productReference = 49106CB22A669A3D00A15CE0 /* SwiftUI-AfricaApp-Sample.app */;
			productType = "com.apple.product-type.application";
		};
/* End PBXNativeTarget section */

/* Begin PBXProject section */
		49106CAA2A669A3D00A15CE0 /* Project object */ = {
			isa = PBXProject;
			attributes = {
				BuildIndependentTargetsInParallel = 1;
				LastSwiftUpdateCheck = 1430;
				LastUpgradeCheck = 1430;
				TargetAttributes = {
					49106CB12A669A3D00A15CE0 = {
						CreatedOnToolsVersion = 14.3.1;
					};
				};
			};
			buildConfigurationList = 49106CAD2A669A3D00A15CE0 /* Build configuration list for PBXProject "SwiftUI-AfricaApp-Sample" */;
			compatibilityVersion = "Xcode 14.0";
			developmentRegion = en;
			hasScannedForEncodings = 0;
			knownRegions = (
				en,
				Base,
			);
			mainGroup = 49106CA92A669A3D00A15CE0;
			productRefGroup = 49106CB32A669A3D00A15CE0 /* Products */;
			projectDirPath = "";
			projectRoot = "";
			targets = (
				49106CB12A669A3D00A15CE0 /* SwiftUI-AfricaApp-Sample */,
			);
		};
/* End PBXProject section */

/* Begin PBXResourcesBuildPhase section */
		49106CB02A669A3D00A15CE0 /* Resources */ = {
			isa = PBXResourcesBuildPhase;
			buildActionMask = 2147483647;
			files = (
				49106CE82A66B22A00A15CE0 /* locations.json in Resources */,
				49106CE72A66B22A00A15CE0 /* covers.json in Resources */,
				49106CE92A66B22A00A15CE0 /* videos.json in Resources */,
				49106CE12A66B1D200A15CE0 /* rhino.mp4 in Resources */,
				49106CDD2A66B1D200A15CE0 /* hippo.mp4 in Resources */,
				49106CBD2A669A3F00A15CE0 /* Preview Assets.xcassets in Resources */,
				49106CD82A66B1D200A15CE0 /* gorilla.mp4 in Resources */,
				49106CD92A66B1D200A15CE0 /* giraffe.mp4 in Resources */,
				49106CDA2A66B1D200A15CE0 /* elephant.mp4 in Resources */,
				49106CEA2A66B22A00A15CE0 /* animals.json in Resources */,
				49106CBA2A669A3E00A15CE0 /* Assets.xcassets in Resources */,
				49106CDF2A66B1D200A15CE0 /* cheetah.mp4 in Resources */,
				49106CDC2A66B1D200A15CE0 /* zebra.mp4 in Resources */,
				49106CDE2A66B1D200A15CE0 /* lion.mp4 in Resources */,
				49106CDB2A66B1D200A15CE0 /* lioness.mp4 in Resources */,
				49106CE02A66B1D200A15CE0 /* ostrich.mp4 in Resources */,
			);
			runOnlyForDeploymentPostprocessing = 0;
		};
/* End PBXResourcesBuildPhase section */

/* Begin PBXSourcesBuildPhase section */
		49106CAE2A669A3D00A15CE0 /* Sources */ = {
			isa = PBXSourcesBuildPhase;
			buildActionMask = 2147483647;
			files = (
				49E1DDA32A8150AB0016DB24 /* ExternalWeblinkView.swift in Sources */,
				49106CB82A669A3D00A15CE0 /* ContentView.swift in Sources */,
				49E1DD952A7AD2290016DB24 /* AnimalListItemView.swift in Sources */,
				49106CF42A66B55200A15CE0 /* MainView.swift in Sources */,
				49E1DD9F2A80109C0016DB24 /* InsetFactView.swift in Sources */,
				49B109472A74098800FC6812 /* CoverImageView.swift in Sources */,
				49B1094A2A740BBD00FC6812 /* CoverImageModel.swift in Sources */,
				49E1DD992A7D505C0016DB24 /* AnimalDetailView.swift in Sources */,
				49E1DD972A7AD5B50016DB24 /* AnimalModel.swift in Sources */,
				49106CF02A66B4DE00A15CE0 /* MapView.swift in Sources */,
				49E1DDC82A828DA60016DB24 /* VideoPlayerHelper.swift in Sources */,
				49E1DDA12A80191E0016DB24 /* InsetMapView.swift in Sources */,
				49106CB62A669A3D00A15CE0 /* SwiftUI_AfricaApp_SampleApp.swift in Sources */,
				49E1DDCC2A83CF300016DB24 /* MapAnnotationView.swift in Sources */,
				49106CEE2A66B4B900A15CE0 /* VideoListView.swift in Sources */,
				49E1DDA52A8153D30016DB24 /* VideoModel.swift in Sources */,
				49106CF22A66B52700A15CE0 /* GalleryView.swift in Sources */,
				49E1DDCA2A83A96D0016DB24 /* LocationModel.swift in Sources */,
				49E1DD9D2A8007E30016DB24 /* InsetGalleryView.swift in Sources */,
				49E1DDA92A81592A0016DB24 /* VideoListItemView.swift in Sources */,
				49B1094D2A741C2900FC6812 /* CodableBundleExtension.swift in Sources */,
				49E1DD9B2A8005870016DB24 /* HeadingView.swift in Sources */,
				49E1DDC52A828C5D0016DB24 /* VideoPlayerView.swift in Sources */,
			);
			runOnlyForDeploymentPostprocessing = 0;
		};
/* End PBXSourcesBuildPhase section */

/* Begin XCBuildConfiguration section */
		49106CBE2A669A3F00A15CE0 /* Debug */ = {
			isa = XCBuildConfiguration;
			buildSettings = {
				ALWAYS_SEARCH_USER_PATHS = NO;
				CLANG_ANALYZER_NONNULL = YES;
				CLANG_ANALYZER_NUMBER_OBJECT_CONVERSION = YES_AGGRESSIVE;
				CLANG_CXX_LANGUAGE_STANDARD = "gnu++20";
				CLANG_ENABLE_MODULES = YES;
				CLANG_ENABLE_OBJC_ARC = YES;
				CLANG_ENABLE_OBJC_WEAK = YES;
				CLANG_WARN_BLOCK_CAPTURE_AUTORELEASING = YES;
				CLANG_WARN_BOOL_CONVERSION = YES;
				CLANG_WARN_COMMA = YES;
				CLANG_WARN_CONSTANT_CONVERSION = YES;
				CLANG_WARN_DEPRECATED_OBJC_IMPLEMENTATIONS = YES;
				CLANG_WARN_DIRECT_OBJC_ISA_USAGE = YES_ERROR;
				CLANG_WARN_DOCUMENTATION_COMMENTS = YES;
				CLANG_WARN_EMPTY_BODY = YES;
				CLANG_WARN_ENUM_CONVERSION = YES;
				CLANG_WARN_INFINITE_RECURSION = YES;
				CLANG_WARN_INT_CONVERSION = YES;
				CLANG_WARN_NON_LITERAL_NULL_CONVERSION = YES;
				CLANG_WARN_OBJC_IMPLICIT_RETAIN_SELF = YES;
				CLANG_WARN_OBJC_LITERAL_CONVERSION = YES;
				CLANG_WARN_OBJC_ROOT_CLASS = YES_ERROR;
				CLANG_WARN_QUOTED_INCLUDE_IN_FRAMEWORK_HEADER = YES;
				CLANG_WARN_RANGE_LOOP_ANALYSIS = YES;
				CLANG_WARN_STRICT_PROTOTYPES = YES;
				CLANG_WARN_SUSPICIOUS_MOVE = YES;
				CLANG_WARN_UNGUARDED_AVAILABILITY = YES_AGGRESSIVE;
				CLANG_WARN_UNREACHABLE_CODE = YES;
				CLANG_WARN__DUPLICATE_METHOD_MATCH = YES;
				COPY_PHASE_STRIP = NO;
				DEBUG_INFORMATION_FORMAT = dwarf;
				ENABLE_STRICT_OBJC_MSGSEND = YES;
				ENABLE_TESTABILITY = YES;
				GCC_C_LANGUAGE_STANDARD = gnu11;
				GCC_DYNAMIC_NO_PIC = NO;
				GCC_NO_COMMON_BLOCKS = YES;
				GCC_OPTIMIZATION_LEVEL = 0;
				GCC_PREPROCESSOR_DEFINITIONS = (
					"DEBUG=1",
					"$(inherited)",
				);
				GCC_WARN_64_TO_32_BIT_CONVERSION = YES;
				GCC_WARN_ABOUT_RETURN_TYPE = YES_ERROR;
				GCC_WARN_UNDECLARED_SELECTOR = YES;
				GCC_WARN_UNINITIALIZED_AUTOS = YES_AGGRESSIVE;
				GCC_WARN_UNUSED_FUNCTION = YES;
				GCC_WARN_UNUSED_VARIABLE = YES;
				IPHONEOS_DEPLOYMENT_TARGET = 16.4;
				MTL_ENABLE_DEBUG_INFO = INCLUDE_SOURCE;
				MTL_FAST_MATH = YES;
				ONLY_ACTIVE_ARCH = YES;
				SDKROOT = iphoneos;
				SWIFT_ACTIVE_COMPILATION_CONDITIONS = DEBUG;
				SWIFT_OPTIMIZATION_LEVEL = "-Onone";
			};
			name = Debug;
		};
		49106CBF2A669A3F00A15CE0 /* Release */ = {
			isa = XCBuildConfiguration;
			buildSettings = {
				ALWAYS_SEARCH_USER_PATHS = NO;
				CLANG_ANALYZER_NONNULL = YES;
				CLANG_ANALYZER_NUMBER_OBJECT_CONVERSION = YES_AGGRESSIVE;
				CLANG_CXX_LANGUAGE_STANDARD = "gnu++20";
				CLANG_ENABLE_MODULES = YES;
				CLANG_ENABLE_OBJC_ARC = YES;
				CLANG_ENABLE_OBJC_WEAK = YES;
				CLANG_WARN_BLOCK_CAPTURE_AUTORELEASING = YES;
				CLANG_WARN_BOOL_CONVERSION = YES;
				CLANG_WARN_COMMA = YES;
				CLANG_WARN_CONSTANT_CONVERSION = YES;
				CLANG_WARN_DEPRECATED_OBJC_IMPLEMENTATIONS = YES;
				CLANG_WARN_DIRECT_OBJC_ISA_USAGE = YES_ERROR;
				CLANG_WARN_DOCUMENTATION_COMMENTS = YES;
				CLANG_WARN_EMPTY_BODY = YES;
				CLANG_WARN_ENUM_CONVERSION = YES;
				CLANG_WARN_INFINITE_RECURSION = YES;
				CLANG_WARN_INT_CONVERSION = YES;
				CLANG_WARN_NON_LITERAL_NULL_CONVERSION = YES;
				CLANG_WARN_OBJC_IMPLICIT_RETAIN_SELF = YES;
				CLANG_WARN_OBJC_LITERAL_CONVERSION = YES;
				CLANG_WARN_OBJC_ROOT_CLASS = YES_ERROR;
				CLANG_WARN_QUOTED_INCLUDE_IN_FRAMEWORK_HEADER = YES;
				CLANG_WARN_RANGE_LOOP_ANALYSIS = YES;
				CLANG_WARN_STRICT_PROTOTYPES = YES;
				CLANG_WARN_SUSPICIOUS_MOVE = YES;
				CLANG_WARN_UNGUARDED_AVAILABILITY = YES_AGGRESSIVE;
				CLANG_WARN_UNREACHABLE_CODE = YES;
				CLANG_WARN__DUPLICATE_METHOD_MATCH = YES;
				COPY_PHASE_STRIP = NO;
				DEBUG_INFORMATION_FORMAT = "dwarf-with-dsym";
				ENABLE_NS_ASSERTIONS = NO;
				ENABLE_STRICT_OBJC_MSGSEND = YES;
				GCC_C_LANGUAGE_STANDARD = gnu11;
				GCC_NO_COMMON_BLOCKS = YES;
				GCC_WARN_64_TO_32_BIT_CONVERSION = YES;
				GCC_WARN_ABOUT_RETURN_TYPE = YES_ERROR;
				GCC_WARN_UNDECLARED_SELECTOR = YES;
				GCC_WARN_UNINITIALIZED_AUTOS = YES_AGGRESSIVE;
				GCC_WARN_UNUSED_FUNCTION = YES;
				GCC_WARN_UNUSED_VARIABLE = YES;
				IPHONEOS_DEPLOYMENT_TARGET = 16.4;
				MTL_ENABLE_DEBUG_INFO = NO;
				MTL_FAST_MATH = YES;
				SDKROOT = iphoneos;
				SWIFT_COMPILATION_MODE = wholemodule;
				SWIFT_OPTIMIZATION_LEVEL = "-O";
				VALIDATE_PRODUCT = YES;
			};
			name = Release;
		};
		49106CC12A669A3F00A15CE0 /* Debug */ = {
			isa = XCBuildConfiguration;
			buildSettings = {
				ASSETCATALOG_COMPILER_APPICON_NAME = AppIcon;
				ASSETCATALOG_COMPILER_GLOBAL_ACCENT_COLOR_NAME = AccentColor;
				CODE_SIGN_STYLE = Automatic;
				CURRENT_PROJECT_VERSION = 1;
				DEVELOPMENT_ASSET_PATHS = "\"SwiftUI-AfricaApp-Sample/Preview Content\"";
				ENABLE_PREVIEWS = YES;
				GENERATE_INFOPLIST_FILE = YES;
				INFOPLIST_FILE = "SwiftUI-AfricaApp-Sample/Info.plist";
				INFOPLIST_KEY_UIApplicationSceneManifest_Generation = YES;
				INFOPLIST_KEY_UIApplicationSupportsIndirectInputEvents = YES;
				INFOPLIST_KEY_UISupportedInterfaceOrientations_iPad = "UIInterfaceOrientationPortrait UIInterfaceOrientationPortraitUpsideDown UIInterfaceOrientationLandscapeLeft UIInterfaceOrientationLandscapeRight";
				INFOPLIST_KEY_UISupportedInterfaceOrientations_iPhone = "UIInterfaceOrientationPortrait UIInterfaceOrientationLandscapeLeft UIInterfaceOrientationLandscapeRight";
				INFOPLIST_KEY_UIUserInterfaceStyle = Dark;
				LD_RUNPATH_SEARCH_PATHS = (
					"$(inherited)",
					"@executable_path/Frameworks",
				);
				MARKETING_VERSION = 1.0;
				PRODUCT_BUNDLE_IDENTIFIER = "com.ekayaint.SwiftUI-AfricaApp-Sample";
				PRODUCT_NAME = "$(TARGET_NAME)";
				SWIFT_EMIT_LOC_STRINGS = YES;
				SWIFT_VERSION = 5.0;
				TARGETED_DEVICE_FAMILY = "1,2";
			};
			name = Debug;
		};
		49106CC22A669A3F00A15CE0 /* Release */ = {
			isa = XCBuildConfiguration;
			buildSettings = {
				ASSETCATALOG_COMPILER_APPICON_NAME = AppIcon;
				ASSETCATALOG_COMPILER_GLOBAL_ACCENT_COLOR_NAME = AccentColor;
				CODE_SIGN_STYLE = Automatic;
				CURRENT_PROJECT_VERSION = 1;
				DEVELOPMENT_ASSET_PATHS = "\"SwiftUI-AfricaApp-Sample/Preview Content\"";
				ENABLE_PREVIEWS = YES;
				GENERATE_INFOPLIST_FILE = YES;
				INFOPLIST_FILE = "SwiftUI-AfricaApp-Sample/Info.plist";
				INFOPLIST_KEY_UIApplicationSceneManifest_Generation = YES;
				INFOPLIST_KEY_UIApplicationSupportsIndirectInputEvents = YES;
				INFOPLIST_KEY_UISupportedInterfaceOrientations_iPad = "UIInterfaceOrientationPortrait UIInterfaceOrientationPortraitUpsideDown UIInterfaceOrientationLandscapeLeft UIInterfaceOrientationLandscapeRight";
				INFOPLIST_KEY_UISupportedInterfaceOrientations_iPhone = "UIInterfaceOrientationPortrait UIInterfaceOrientationLandscapeLeft UIInterfaceOrientationLandscapeRight";
				INFOPLIST_KEY_UIUserInterfaceStyle = Dark;
				LD_RUNPATH_SEARCH_PATHS = (
					"$(inherited)",
					"@executable_path/Frameworks",
				);
				MARKETING_VERSION = 1.0;
				PRODUCT_BUNDLE_IDENTIFIER = "com.ekayaint.SwiftUI-AfricaApp-Sample";
				PRODUCT_NAME = "$(TARGET_NAME)";
				SWIFT_EMIT_LOC_STRINGS = YES;
				SWIFT_VERSION = 5.0;
				TARGETED_DEVICE_FAMILY = "1,2";
			};
			name = Release;
		};
/* End XCBuildConfiguration section */

/* Begin XCConfigurationList section */
		49106CAD2A669A3D00A15CE0 /* Build configuration list for PBXProject "SwiftUI-AfricaApp-Sample" */ = {
			isa = XCConfigurationList;
			buildConfigurations = (
				49106CBE2A669A3F00A15CE0 /* Debug */,
				49106CBF2A669A3F00A15CE0 /* Release */,
			);
			defaultConfigurationIsVisible = 0;
			defaultConfigurationName = Release;
		};
		49106CC02A669A3F00A15CE0 /* Build configuration list for PBXNativeTarget "SwiftUI-AfricaApp-Sample" */ = {
			isa = XCConfigurationList;
			buildConfigurations = (
				49106CC12A669A3F00A15CE0 /* Debug */,
				49106CC22A669A3F00A15CE0 /* Release */,
			);
			defaultConfigurationIsVisible = 0;
			defaultConfigurationName = Release;
		};
/* End XCConfigurationList section */
	};
	rootObject = 49106CAA2A669A3D00A15CE0 /* Project object */;
}
